
Microsoft Visual Studio Solution File, Format Version 12.00
# Visual Studio Version 17
VisualStudioVersion = 17.9.34616.47
MinimumVisualStudioVersion = 10.0.40219.1
Project("{FAE04EC0-301F-11D3-BF4B-00C04F79EFBC}") = "Buoi1Web", "Buoi1Web\Buoi1Web.csproj", "{B2F6B71E-0EE2-4E90-9E5D-3348DFE3DF1A}"
EndProject
Global
	GlobalSection(SolutionConfigurationPlatforms) = preSolution
		Debug|Any CPU = Debug|Any CPU
		Release|Any CPU = Release|Any CPU
	EndGlobalSection
	GlobalSection(ProjectConfigurationPlatforms) = postSolution
		{B2F6B71E-0EE2-4E90-9E5D-3348DFE3DF1A}.Debug|Any CPU.ActiveCfg = Debug|Any CPU
		{B2F6B71E-0EE2-4E90-9E5D-3348DFE3DF1A}.Debug|Any CPU.Build.0 = Debug|Any CPU
		{B2F6B71E-0EE2-4E90-9E5D-3348DFE3DF1A}.Release|Any CPU.ActiveCfg = Release|Any CPU
		{B2F6B71E-0EE2-4E90-9E5D-3348DFE3DF1A}.Release|Any CPU.Build.0 = Release|Any CPU
	EndGlobalSection
	GlobalSection(SolutionProperties) = preSolution
		HideSolutionNode = FALSE
	EndGlobalSection
	GlobalSection(ExtensibilityGlobals) = postSolution
		SolutionGuid = {5438D717-C165-4CCD-BD07-477AD2444EF2}
	EndGlobalSection
EndGlobal
